
Microsoft Visual Studio Solution File, Format Version 12.00
# Visual Studio 15
VisualStudioVersion = 15.0.27428.2015
MinimumVisualStudioVersion = 10.0.40219.1
Project("{FAE04EC0-301F-11D3-BF4B-00C04F79EFBC}") = "SETEV_hw1_Weather7days_WPF", "SETEV_hw1_Weather7days_WPF\SETEV_hw1_Weather7days_WPF.csproj", "{580EB011-BEF6-4A48-BD53-FCDDE203564C}"
EndProject
Global
	GlobalSection(SolutionConfigurationPlatforms) = preSolution
		Debug|Any CPU = Debug|Any CPU
		Release|Any CPU = Release|Any CPU
	EndGlobalSection
	GlobalSection(ProjectConfigurationPlatforms) = postSolution
		{580EB011-BEF6-4A48-BD53-FCDDE203564C}.Debug|Any CPU.ActiveCfg = Debug|Any CPU
		{580EB011-BEF6-4A48-BD53-FCDDE203564C}.Debug|Any CPU.Build.0 = Debug|Any CPU
		{580EB011-BEF6-4A48-BD53-FCDDE203564C}.Release|Any CPU.ActiveCfg = Release|Any CPU
		{580EB011-BEF6-4A48-BD53-FCDDE203564C}.Release|Any CPU.Build.0 = Release|Any CPU
	EndGlobalSection
	GlobalSection(SolutionProperties) = preSolution
		HideSolutionNode = FALSE
	EndGlobalSection
	GlobalSection(ExtensibilityGlobals) = postSolution
		SolutionGuid = {1DE119B4-EF26-4BC9-A0EA-93253AB33F38}
	EndGlobalSection
EndGlobal
